
Microsoft Visual Studio Solution File, Format Version 12.00
# Visual Studio 15
VisualStudioVersion = 15.0.28307.572
MinimumVisualStudioVersion = 10.0.40219.1
Project("{9A19103F-16F7-4668-BE54-9A1E7A4F7556}") = "GatewaysManager", "GatewaysManager.csproj", "{4735C709-EAFE-4E90-BB4B-2ED7573330BE}"
EndProject
Project("{9A19103F-16F7-4668-BE54-9A1E7A4F7556}") = "GatewaysManager.UnitTests", "..\GatewaysManager.UnitTests\GatewaysManager.UnitTests.csproj", "{B4440D17-7DEB-41D2-A195-3436A44774B3}"
EndProject
Global
	GlobalSection(SolutionConfigurationPlatforms) = preSolution
		Debug|Any CPU = Debug|Any CPU
		Release|Any CPU = Release|Any CPU
	EndGlobalSection
	GlobalSection(ProjectConfigurationPlatforms) = postSolution
		{4735C709-EAFE-4E90-BB4B-2ED7573330BE}.Debug|Any CPU.ActiveCfg = Debug|Any CPU
		{4735C709-EAFE-4E90-BB4B-2ED7573330BE}.Debug|Any CPU.Build.0 = Debug|Any CPU
		{4735C709-EAFE-4E90-BB4B-2ED7573330BE}.Release|Any CPU.ActiveCfg = Release|Any CPU
		{4735C709-EAFE-4E90-BB4B-2ED7573330BE}.Release|Any CPU.Build.0 = Release|Any CPU
		{B4440D17-7DEB-41D2-A195-3436A44774B3}.Debug|Any CPU.ActiveCfg = Debug|Any CPU
		{B4440D17-7DEB-41D2-A195-3436A44774B3}.Debug|Any CPU.Build.0 = Debug|Any CPU
		{B4440D17-7DEB-41D2-A195-3436A44774B3}.Release|Any CPU.ActiveCfg = Release|Any CPU
		{B4440D17-7DEB-41D2-A195-3436A44774B3}.Release|Any CPU.Build.0 = Release|Any CPU
	EndGlobalSection
	GlobalSection(SolutionProperties) = preSolution
		HideSolutionNode = FALSE
	EndGlobalSection
	GlobalSection(ExtensibilityGlobals) = postSolution
		SolutionGuid = {C0010379-29EF-47D1-8435-546AF9BD5611}
	EndGlobalSection
EndGlobal
